
Microsoft Visual Studio Solution File, Format Version 12.00
# Visual Studio Version 17
VisualStudioVersion = 17.0.31903.59
MinimumVisualStudioVersion = 10.0.40219.1
Project("{9A19103F-16F7-4668-BE54-9A1E7A4F7556}") = "01.PrimaryConstructors", "src\PrimaryConstructors\01.PrimaryConstructors.csproj", "{F8930252-4ABB-4BF4-BD6F-1BBCEDCCD8FF}"
EndProject
Project("{9A19103F-16F7-4668-BE54-9A1E7A4F7556}") = "02.CollectionExpressions", "src\CollectionExpressions\02.CollectionExpressions.csproj", "{78D4422B-9AB1-4678-803B-234186C4753E}"
EndProject
Project("{9A19103F-16F7-4668-BE54-9A1E7A4F7556}") = "03.AliasAnyType", "src\AliasAnyType\03.AliasAnyType.csproj", "{1BAC6A57-6635-44A8-9AFE-312B562883E7}"
EndProject
Project("{9A19103F-16F7-4668-BE54-9A1E7A4F7556}") = "04.OptionalLambdaExpressionParameters", "src\OptionalLambdaExpressionParameters\04.OptionalLambdaExpressionParameters.csproj", "{0BDE1F9B-FD1F-42D9-BA41-7FD07CC02C90}"
EndProject
Project("{9A19103F-16F7-4668-BE54-9A1E7A4F7556}") = "05.InlineArrays", "src\InlineArrays\05.InlineArrays.csproj", "{883A82B1-C62C-4F95-97D7-683FF9DAD14B}"
EndProject
Project("{9A19103F-16F7-4668-BE54-9A1E7A4F7556}") = "06.RefReadonlyParameters", "src\RefReadonlyParameters\06.RefReadonlyParameters.csproj", "{DBB85E99-F8EA-496A-8107-1148FF599B0F}"
EndProject
Project("{9A19103F-16F7-4668-BE54-9A1E7A4F7556}") = "07.ExperimentalAttribute", "src\ExperimentalAttribute\07.ExperimentalAttribute.csproj", "{78464DA2-95C7-4799-BA27-99CD894C3458}"
EndProject
Project("{9A19103F-16F7-4668-BE54-9A1E7A4F7556}") = "08.NameofAccessingInstanceMembers", "src\NameofAccessingInstanceMembers\08.NameofAccessingInstanceMembers.csproj", "{FB81CC4D-BEDE-4499-A70E-B91360D62B62}"
EndProject
Project("{9A19103F-16F7-4668-BE54-9A1E7A4F7556}") = "09.Interceptors", "src\Interceptors\09.Interceptors.csproj", "{8ADE1DDF-1074-4894-8727-E2CBD0948109}"
EndProject
Global
	GlobalSection(SolutionConfigurationPlatforms) = preSolution
		Debug|Any CPU = Debug|Any CPU
		Release|Any CPU = Release|Any CPU
	EndGlobalSection
	GlobalSection(ProjectConfigurationPlatforms) = postSolution
		{F8930252-4ABB-4BF4-BD6F-1BBCEDCCD8FF}.Debug|Any CPU.ActiveCfg = Debug|Any CPU
		{F8930252-4ABB-4BF4-BD6F-1BBCEDCCD8FF}.Debug|Any CPU.Build.0 = Debug|Any CPU
		{F8930252-4ABB-4BF4-BD6F-1BBCEDCCD8FF}.Release|Any CPU.ActiveCfg = Release|Any CPU
		{F8930252-4ABB-4BF4-BD6F-1BBCEDCCD8FF}.Release|Any CPU.Build.0 = Release|Any CPU
		{78D4422B-9AB1-4678-803B-234186C4753E}.Debug|Any CPU.ActiveCfg = Debug|Any CPU
		{78D4422B-9AB1-4678-803B-234186C4753E}.Debug|Any CPU.Build.0 = Debug|Any CPU
		{78D4422B-9AB1-4678-803B-234186C4753E}.Release|Any CPU.ActiveCfg = Release|Any CPU
		{78D4422B-9AB1-4678-803B-234186C4753E}.Release|Any CPU.Build.0 = Release|Any CPU
		{1BAC6A57-6635-44A8-9AFE-312B562883E7}.Debug|Any CPU.ActiveCfg = Debug|Any CPU
		{1BAC6A57-6635-44A8-9AFE-312B562883E7}.Debug|Any CPU.Build.0 = Debug|Any CPU
		{1BAC6A57-6635-44A8-9AFE-312B562883E7}.Release|Any CPU.ActiveCfg = Release|Any CPU
		{1BAC6A57-6635-44A8-9AFE-312B562883E7}.Release|Any CPU.Build.0 = Release|Any CPU
		{0BDE1F9B-FD1F-42D9-BA41-7FD07CC02C90}.Debug|Any CPU.ActiveCfg = Debug|Any CPU
		{0BDE1F9B-FD1F-42D9-BA41-7FD07CC02C90}.Debug|Any CPU.Build.0 = Debug|Any CPU
		{0BDE1F9B-FD1F-42D9-BA41-7FD07CC02C90}.Release|Any CPU.ActiveCfg = Release|Any CPU
		{0BDE1F9B-FD1F-42D9-BA41-7FD07CC02C90}.Release|Any CPU.Build.0 = Release|Any CPU
		{883A82B1-C62C-4F95-97D7-683FF9DAD14B}.Debug|Any CPU.ActiveCfg = Debug|Any CPU
		{883A82B1-C62C-4F95-97D7-683FF9DAD14B}.Debug|Any CPU.Build.0 = Debug|Any CPU
		{883A82B1-C62C-4F95-97D7-683FF9DAD14B}.Release|Any CPU.ActiveCfg = Release|Any CPU
		{883A82B1-C62C-4F95-97D7-683FF9DAD14B}.Release|Any CPU.Build.0 = Release|Any CPU
		{DBB85E99-F8EA-496A-8107-1148FF599B0F}.Debug|Any CPU.ActiveCfg = Debug|Any CPU
		{DBB85E99-F8EA-496A-8107-1148FF599B0F}.Debug|Any CPU.Build.0 = Debug|Any CPU
		{DBB85E99-F8EA-496A-8107-1148FF599B0F}.Release|Any CPU.ActiveCfg = Release|Any CPU
		{DBB85E99-F8EA-496A-8107-1148FF599B0F}.Release|Any CPU.Build.0 = Release|Any CPU
		{78464DA2-95C7-4799-BA27-99CD894C3458}.Debug|Any CPU.ActiveCfg = Debug|Any CPU
		{78464DA2-95C7-4799-BA27-99CD894C3458}.Debug|Any CPU.Build.0 = Debug|Any CPU
		{78464DA2-95C7-4799-BA27-99CD894C3458}.Release|Any CPU.ActiveCfg = Release|Any CPU
		{78464DA2-95C7-4799-BA27-99CD894C3458}.Release|Any CPU.Build.0 = Release|Any CPU
		{FB81CC4D-BEDE-4499-A70E-B91360D62B62}.Debug|Any CPU.ActiveCfg = Debug|Any CPU
		{FB81CC4D-BEDE-4499-A70E-B91360D62B62}.Debug|Any CPU.Build.0 = Debug|Any CPU
		{FB81CC4D-BEDE-4499-A70E-B91360D62B62}.Release|Any CPU.ActiveCfg = Release|Any CPU
		{FB81CC4D-BEDE-4499-A70E-B91360D62B62}.Release|Any CPU.Build.0 = Release|Any CPU
		{8ADE1DDF-1074-4894-8727-E2CBD0948109}.Debug|Any CPU.ActiveCfg = Debug|Any CPU
		{8ADE1DDF-1074-4894-8727-E2CBD0948109}.Debug|Any CPU.Build.0 = Debug|Any CPU
		{8ADE1DDF-1074-4894-8727-E2CBD0948109}.Release|Any CPU.ActiveCfg = Release|Any CPU
		{8ADE1DDF-1074-4894-8727-E2CBD0948109}.Release|Any CPU.Build.0 = Release|Any CPU
	EndGlobalSection
	GlobalSection(SolutionProperties) = preSolution
		HideSolutionNode = FALSE
	EndGlobalSection
	GlobalSection(ExtensibilityGlobals) = postSolution
		SolutionGuid = {EB3A4633-EC82-4D3A-AC04-F7BE943B5ADF}
	EndGlobalSection
EndGlobal
