
Microsoft Visual Studio Solution File, Format Version 12.00
# Visual Studio Version 17
VisualStudioVersion = 17.0.31903.59
MinimumVisualStudioVersion = 10.0.40219.1
Project("{9A19103F-16F7-4668-BE54-9A1E7A4F7556}") = "1.PrimaryConstructors", "src\PrimaryConstructors\1.PrimaryConstructors.csproj", "{F8930252-4ABB-4BF4-BD6F-1BBCEDCCD8FF}"
EndProject
Project("{9A19103F-16F7-4668-BE54-9A1E7A4F7556}") = "2.CollectionExpressions", "src\CollectionExpressions\2.CollectionExpressions.csproj", "{78D4422B-9AB1-4678-803B-234186C4753E}"
EndProject
Project("{9A19103F-16F7-4668-BE54-9A1E7A4F7556}") = "3.AliasAnyType", "src\AliasAnyType\3.AliasAnyType.csproj", "{1BAC6A57-6635-44A8-9AFE-312B562883E7}"
EndProject
Global
	GlobalSection(SolutionConfigurationPlatforms) = preSolution
		Debug|Any CPU = Debug|Any CPU
		Release|Any CPU = Release|Any CPU
	EndGlobalSection
	GlobalSection(ProjectConfigurationPlatforms) = postSolution
		{F8930252-4ABB-4BF4-BD6F-1BBCEDCCD8FF}.Debug|Any CPU.ActiveCfg = Debug|Any CPU
		{F8930252-4ABB-4BF4-BD6F-1BBCEDCCD8FF}.Debug|Any CPU.Build.0 = Debug|Any CPU
		{F8930252-4ABB-4BF4-BD6F-1BBCEDCCD8FF}.Release|Any CPU.ActiveCfg = Release|Any CPU
		{F8930252-4ABB-4BF4-BD6F-1BBCEDCCD8FF}.Release|Any CPU.Build.0 = Release|Any CPU
		{78D4422B-9AB1-4678-803B-234186C4753E}.Debug|Any CPU.ActiveCfg = Debug|Any CPU
		{78D4422B-9AB1-4678-803B-234186C4753E}.Debug|Any CPU.Build.0 = Debug|Any CPU
		{78D4422B-9AB1-4678-803B-234186C4753E}.Release|Any CPU.ActiveCfg = Release|Any CPU
		{78D4422B-9AB1-4678-803B-234186C4753E}.Release|Any CPU.Build.0 = Release|Any CPU
		{1BAC6A57-6635-44A8-9AFE-312B562883E7}.Debug|Any CPU.ActiveCfg = Debug|Any CPU
		{1BAC6A57-6635-44A8-9AFE-312B562883E7}.Debug|Any CPU.Build.0 = Debug|Any CPU
		{1BAC6A57-6635-44A8-9AFE-312B562883E7}.Release|Any CPU.ActiveCfg = Release|Any CPU
		{1BAC6A57-6635-44A8-9AFE-312B562883E7}.Release|Any CPU.Build.0 = Release|Any CPU
	EndGlobalSection
	GlobalSection(SolutionProperties) = preSolution
		HideSolutionNode = FALSE
	EndGlobalSection
	GlobalSection(ExtensibilityGlobals) = postSolution
		SolutionGuid = {EB3A4633-EC82-4D3A-AC04-F7BE943B5ADF}
	EndGlobalSection
EndGlobal
